
Microsoft Visual Studio Solution File, Format Version 12.00
# Visual Studio 2012
Project("{FAE04EC0-301F-11D3-BF4B-00C04F79EFBC}") = "AmazonMCEAddin", "AmazonMCEAddin\AmazonMCEAddin.csproj", "{1049EBA5-464C-4817-9FC1-BAE1791D5378}"
EndProject
Global
	GlobalSection(SolutionConfigurationPlatforms) = preSolution
		Debug|Any CPU = Debug|Any CPU
		Release|Any CPU = Release|Any CPU
	EndGlobalSection
	GlobalSection(ProjectConfigurationPlatforms) = postSolution
		{1049EBA5-464C-4817-9FC1-BAE1791D5378}.Debug|Any CPU.ActiveCfg = Debug|Any CPU
		{1049EBA5-464C-4817-9FC1-BAE1791D5378}.Debug|Any CPU.Build.0 = Debug|Any CPU
		{1049EBA5-464C-4817-9FC1-BAE1791D5378}.Release|Any CPU.ActiveCfg = Release|Any CPU
		{1049EBA5-464C-4817-9FC1-BAE1791D5378}.Release|Any CPU.Build.0 = Release|Any CPU
	EndGlobalSection
	GlobalSection(SolutionProperties) = preSolution
		HideSolutionNode = FALSE
	EndGlobalSection
EndGlobal
